
Microsoft Visual Studio Solution File, Format Version 12.00
# Visual Studio Version 16
VisualStudioVersion = 16.0.31729.503
MinimumVisualStudioVersion = 10.0.40219.1
Project("{9A19103F-16F7-4668-BE54-9A1E7A4F7556}") = "Rover.Shared", "Rover.Shared\Rover.Shared.csproj", "{3EF7BBE2-0CFF-4935-9AE5-DD5F8569287D}"
EndProject
Project("{9A19103F-16F7-4668-BE54-9A1E7A4F7556}") = "Rover.App", "Rover.App\Rover.App.csproj", "{29ADAB5E-D10D-4F69-B60F-B1474F1EEE69}"
EndProject
Project("{9A19103F-16F7-4668-BE54-9A1E7A4F7556}") = "Rover.Service", "Rover.Service\Rover.Service.csproj", "{7DB6295C-A170-41BC-AA11-B3333F76C1B3}"
EndProject
Project("{9A19103F-16F7-4668-BE54-9A1E7A4F7556}") = "Rover.Core", "Rover.Core\Rover.Core.csproj", "{E5904243-669D-4086-9AF9-8E753994F98D}"
EndProject
Project("{FAE04EC0-301F-11D3-BF4B-00C04F79EFBC}") = "Rover.Tests", "Rover.Tests\Rover.Tests.csproj", "{C3A66F6A-8435-47AD-823C-78D409A77CA7}"
EndProject
Global
	GlobalSection(SolutionConfigurationPlatforms) = preSolution
		Debug|Any CPU = Debug|Any CPU
		Release|Any CPU = Release|Any CPU
	EndGlobalSection
	GlobalSection(ProjectConfigurationPlatforms) = postSolution
		{3EF7BBE2-0CFF-4935-9AE5-DD5F8569287D}.Debug|Any CPU.ActiveCfg = Debug|Any CPU
		{3EF7BBE2-0CFF-4935-9AE5-DD5F8569287D}.Debug|Any CPU.Build.0 = Debug|Any CPU
		{3EF7BBE2-0CFF-4935-9AE5-DD5F8569287D}.Release|Any CPU.ActiveCfg = Release|Any CPU
		{3EF7BBE2-0CFF-4935-9AE5-DD5F8569287D}.Release|Any CPU.Build.0 = Release|Any CPU
		{29ADAB5E-D10D-4F69-B60F-B1474F1EEE69}.Debug|Any CPU.ActiveCfg = Debug|Any CPU
		{29ADAB5E-D10D-4F69-B60F-B1474F1EEE69}.Debug|Any CPU.Build.0 = Debug|Any CPU
		{29ADAB5E-D10D-4F69-B60F-B1474F1EEE69}.Release|Any CPU.ActiveCfg = Release|Any CPU
		{29ADAB5E-D10D-4F69-B60F-B1474F1EEE69}.Release|Any CPU.Build.0 = Release|Any CPU
		{7DB6295C-A170-41BC-AA11-B3333F76C1B3}.Debug|Any CPU.ActiveCfg = Debug|Any CPU
		{7DB6295C-A170-41BC-AA11-B3333F76C1B3}.Debug|Any CPU.Build.0 = Debug|Any CPU
		{7DB6295C-A170-41BC-AA11-B3333F76C1B3}.Release|Any CPU.ActiveCfg = Release|Any CPU
		{7DB6295C-A170-41BC-AA11-B3333F76C1B3}.Release|Any CPU.Build.0 = Release|Any CPU
		{E5904243-669D-4086-9AF9-8E753994F98D}.Debug|Any CPU.ActiveCfg = Debug|Any CPU
		{E5904243-669D-4086-9AF9-8E753994F98D}.Debug|Any CPU.Build.0 = Debug|Any CPU
		{E5904243-669D-4086-9AF9-8E753994F98D}.Release|Any CPU.ActiveCfg = Release|Any CPU
		{E5904243-669D-4086-9AF9-8E753994F98D}.Release|Any CPU.Build.0 = Release|Any CPU
		{C3A66F6A-8435-47AD-823C-78D409A77CA7}.Debug|Any CPU.ActiveCfg = Debug|Any CPU
		{C3A66F6A-8435-47AD-823C-78D409A77CA7}.Debug|Any CPU.Build.0 = Debug|Any CPU
		{C3A66F6A-8435-47AD-823C-78D409A77CA7}.Release|Any CPU.ActiveCfg = Release|Any CPU
		{C3A66F6A-8435-47AD-823C-78D409A77CA7}.Release|Any CPU.Build.0 = Release|Any CPU
	EndGlobalSection
	GlobalSection(SolutionProperties) = preSolution
		HideSolutionNode = FALSE
	EndGlobalSection
	GlobalSection(ExtensibilityGlobals) = postSolution
		SolutionGuid = {021FC87E-733F-4DF5-B0A3-EC304C481EC9}
	EndGlobalSection
EndGlobal
